
Microsoft Visual Studio Solution File, Format Version 12.00
# Visual Studio Version 16
VisualStudioVersion = 16.0.29609.76
MinimumVisualStudioVersion = 10.0.40219.1
Project("{FAE04EC0-301F-11D3-BF4B-00C04F79EFBC}") = "projektGrafika", "projektGrafika\projektGrafika.csproj", "{272E5F69-925B-4DD1-B1BE-2B98844A0897}"
EndProject
Global
	GlobalSection(SolutionConfigurationPlatforms) = preSolution
		Debug|Any CPU = Debug|Any CPU
		Release|Any CPU = Release|Any CPU
	EndGlobalSection
	GlobalSection(ProjectConfigurationPlatforms) = postSolution
		{272E5F69-925B-4DD1-B1BE-2B98844A0897}.Debug|Any CPU.ActiveCfg = Debug|Any CPU
		{272E5F69-925B-4DD1-B1BE-2B98844A0897}.Debug|Any CPU.Build.0 = Debug|Any CPU
		{272E5F69-925B-4DD1-B1BE-2B98844A0897}.Release|Any CPU.ActiveCfg = Release|Any CPU
		{272E5F69-925B-4DD1-B1BE-2B98844A0897}.Release|Any CPU.Build.0 = Release|Any CPU
	EndGlobalSection
	GlobalSection(SolutionProperties) = preSolution
		HideSolutionNode = FALSE
	EndGlobalSection
	GlobalSection(ExtensibilityGlobals) = postSolution
		SolutionGuid = {BAACD8BB-C755-4BD2-91AA-41F01A8AE74F}
	EndGlobalSection
EndGlobal
